
Microsoft Visual Studio Solution File, Format Version 12.00
# Visual Studio Version 17
VisualStudioVersion = 17.9.34723.18
MinimumVisualStudioVersion = 10.0.40219.1
Project("{9A19103F-16F7-4668-BE54-9A1E7A4F7556}") = "sdxl", "sdxl\sdxl.csproj", "{44185144-0F8D-40BF-8C76-E434DB77D0CF}"
EndProject
Global
	GlobalSection(SolutionConfigurationPlatforms) = preSolution
		Debug|Any CPU = Debug|Any CPU
		Release|Any CPU = Release|Any CPU
	EndGlobalSection
	GlobalSection(ProjectConfigurationPlatforms) = postSolution
		{44185144-0F8D-40BF-8C76-E434DB77D0CF}.Debug|Any CPU.ActiveCfg = Debug|Any CPU
		{44185144-0F8D-40BF-8C76-E434DB77D0CF}.Debug|Any CPU.Build.0 = Debug|Any CPU
		{44185144-0F8D-40BF-8C76-E434DB77D0CF}.Release|Any CPU.ActiveCfg = Release|Any CPU
		{44185144-0F8D-40BF-8C76-E434DB77D0CF}.Release|Any CPU.Build.0 = Release|Any CPU
	EndGlobalSection
	GlobalSection(SolutionProperties) = preSolution
		HideSolutionNode = FALSE
	EndGlobalSection
	GlobalSection(ExtensibilityGlobals) = postSolution
		SolutionGuid = {D96AD69B-D24B-4C3F-9C9D-2F357949A3F2}
	EndGlobalSection
EndGlobal
